
Microsoft Visual Studio Solution File, Format Version 12.00
# Visual Studio Version 17
VisualStudioVersion = 17.13.35818.85 d17.13
MinimumVisualStudioVersion = 10.0.40219.1
Project("{FAE04EC0-301F-11D3-BF4B-00C04F79EFBC}") = "WpfApp10", "WpfApp10\WpfApp10.csproj", "{8B8A209D-C12F-4FC7-A47D-CD7F70D0750B}"
EndProject
Global
	GlobalSection(SolutionConfigurationPlatforms) = preSolution
		Debug|Any CPU = Debug|Any CPU
		Release|Any CPU = Release|Any CPU
	EndGlobalSection
	GlobalSection(ProjectConfigurationPlatforms) = postSolution
		{8B8A209D-C12F-4FC7-A47D-CD7F70D0750B}.Debug|Any CPU.ActiveCfg = Debug|Any CPU
		{8B8A209D-C12F-4FC7-A47D-CD7F70D0750B}.Debug|Any CPU.Build.0 = Debug|Any CPU
		{8B8A209D-C12F-4FC7-A47D-CD7F70D0750B}.Release|Any CPU.ActiveCfg = Release|Any CPU
		{8B8A209D-C12F-4FC7-A47D-CD7F70D0750B}.Release|Any CPU.Build.0 = Release|Any CPU
	EndGlobalSection
	GlobalSection(SolutionProperties) = preSolution
		HideSolutionNode = FALSE
	EndGlobalSection
	GlobalSection(ExtensibilityGlobals) = postSolution
		SolutionGuid = {3D7AB9CC-8222-4012-8F00-484380AA96DE}
	EndGlobalSection
EndGlobal
